
Microsoft Visual Studio Solution File, Format Version 12.00
# Visual Studio 15
VisualStudioVersion = 15.0.26124.0
MinimumVisualStudioVersion = 15.0.26124.0
Project("{FAE04EC0-301F-11D3-BF4B-00C04F79EFBC}") = "API", "API\API.csproj", "{27562A01-40E1-48B9-9CA9-3411D6621FEC}"
EndProject
Project("{FAE04EC0-301F-11D3-BF4B-00C04F79EFBC}") = "Core", "Core\Core.csproj", "{111CC03D-0795-43C2-A676-961C12B8CB81}"
EndProject
Project("{FAE04EC0-301F-11D3-BF4B-00C04F79EFBC}") = "Infrastructure", "Infrastructure\Infrastructure.csproj", "{C4D22348-18A3-47A8-8E8E-57943DEB7B67}"
EndProject
Global
	GlobalSection(SolutionConfigurationPlatforms) = preSolution
		Debug|Any CPU = Debug|Any CPU
		Debug|x64 = Debug|x64
		Debug|x86 = Debug|x86
		Release|Any CPU = Release|Any CPU
		Release|x64 = Release|x64
		Release|x86 = Release|x86
	EndGlobalSection
	GlobalSection(SolutionProperties) = preSolution
		HideSolutionNode = FALSE
	EndGlobalSection
	GlobalSection(ProjectConfigurationPlatforms) = postSolution
		{27562A01-40E1-48B9-9CA9-3411D6621FEC}.Debug|Any CPU.ActiveCfg = Debug|Any CPU
		{27562A01-40E1-48B9-9CA9-3411D6621FEC}.Debug|Any CPU.Build.0 = Debug|Any CPU
		{27562A01-40E1-48B9-9CA9-3411D6621FEC}.Debug|x64.ActiveCfg = Debug|Any CPU
		{27562A01-40E1-48B9-9CA9-3411D6621FEC}.Debug|x64.Build.0 = Debug|Any CPU
		{27562A01-40E1-48B9-9CA9-3411D6621FEC}.Debug|x86.ActiveCfg = Debug|Any CPU
		{27562A01-40E1-48B9-9CA9-3411D6621FEC}.Debug|x86.Build.0 = Debug|Any CPU
		{27562A01-40E1-48B9-9CA9-3411D6621FEC}.Release|Any CPU.ActiveCfg = Release|Any CPU
		{27562A01-40E1-48B9-9CA9-3411D6621FEC}.Release|Any CPU.Build.0 = Release|Any CPU
		{27562A01-40E1-48B9-9CA9-3411D6621FEC}.Release|x64.ActiveCfg = Release|Any CPU
		{27562A01-40E1-48B9-9CA9-3411D6621FEC}.Release|x64.Build.0 = Release|Any CPU
		{27562A01-40E1-48B9-9CA9-3411D6621FEC}.Release|x86.ActiveCfg = Release|Any CPU
		{27562A01-40E1-48B9-9CA9-3411D6621FEC}.Release|x86.Build.0 = Release|Any CPU
		{111CC03D-0795-43C2-A676-961C12B8CB81}.Debug|Any CPU.ActiveCfg = Debug|Any CPU
		{111CC03D-0795-43C2-A676-961C12B8CB81}.Debug|Any CPU.Build.0 = Debug|Any CPU
		{111CC03D-0795-43C2-A676-961C12B8CB81}.Debug|x64.ActiveCfg = Debug|Any CPU
		{111CC03D-0795-43C2-A676-961C12B8CB81}.Debug|x64.Build.0 = Debug|Any CPU
		{111CC03D-0795-43C2-A676-961C12B8CB81}.Debug|x86.ActiveCfg = Debug|Any CPU
		{111CC03D-0795-43C2-A676-961C12B8CB81}.Debug|x86.Build.0 = Debug|Any CPU
		{111CC03D-0795-43C2-A676-961C12B8CB81}.Release|Any CPU.ActiveCfg = Release|Any CPU
		{111CC03D-0795-43C2-A676-961C12B8CB81}.Release|Any CPU.Build.0 = Release|Any CPU
		{111CC03D-0795-43C2-A676-961C12B8CB81}.Release|x64.ActiveCfg = Release|Any CPU
		{111CC03D-0795-43C2-A676-961C12B8CB81}.Release|x64.Build.0 = Release|Any CPU
		{111CC03D-0795-43C2-A676-961C12B8CB81}.Release|x86.ActiveCfg = Release|Any CPU
		{111CC03D-0795-43C2-A676-961C12B8CB81}.Release|x86.Build.0 = Release|Any CPU
		{C4D22348-18A3-47A8-8E8E-57943DEB7B67}.Debug|Any CPU.ActiveCfg = Debug|Any CPU
		{C4D22348-18A3-47A8-8E8E-57943DEB7B67}.Debug|Any CPU.Build.0 = Debug|Any CPU
		{C4D22348-18A3-47A8-8E8E-57943DEB7B67}.Debug|x64.ActiveCfg = Debug|Any CPU
		{C4D22348-18A3-47A8-8E8E-57943DEB7B67}.Debug|x64.Build.0 = Debug|Any CPU
		{C4D22348-18A3-47A8-8E8E-57943DEB7B67}.Debug|x86.ActiveCfg = Debug|Any CPU
		{C4D22348-18A3-47A8-8E8E-57943DEB7B67}.Debug|x86.Build.0 = Debug|Any CPU
		{C4D22348-18A3-47A8-8E8E-57943DEB7B67}.Release|Any CPU.ActiveCfg = Release|Any CPU
		{C4D22348-18A3-47A8-8E8E-57943DEB7B67}.Release|Any CPU.Build.0 = Release|Any CPU
		{C4D22348-18A3-47A8-8E8E-57943DEB7B67}.Release|x64.ActiveCfg = Release|Any CPU
		{C4D22348-18A3-47A8-8E8E-57943DEB7B67}.Release|x64.Build.0 = Release|Any CPU
		{C4D22348-18A3-47A8-8E8E-57943DEB7B67}.Release|x86.ActiveCfg = Release|Any CPU
		{C4D22348-18A3-47A8-8E8E-57943DEB7B67}.Release|x86.Build.0 = Release|Any CPU
	EndGlobalSection
EndGlobal
